
Microsoft Visual Studio Solution File, Format Version 12.00
# Visual Studio Version 17
VisualStudioVersion = 17.0.31903.59
MinimumVisualStudioVersion = 10.0.40219.1
Project("{2150E333-8FDC-42A3-9474-1A3956D46DE8}") = "Backend", "Backend", "{9AA8815F-3028-4ED9-B36F-5762E3C84ED5}"
EndProject
Project("{2150E333-8FDC-42A3-9474-1A3956D46DE8}") = "Images", "Images", "{3F7A8946-8B9A-4A8B-9544-EFA786CCC6A6}"
EndProject
Project("{2150E333-8FDC-42A3-9474-1A3956D46DE8}") = "Identity", "Identity", "{61886F2E-466E-4282-8073-47EF9D334420}"
EndProject
Project("{2150E333-8FDC-42A3-9474-1A3956D46DE8}") = "Restaurants", "Restaurants", "{7759977B-1A86-430E-8877-3CB6B03C27ED}"
EndProject
Project("{2150E333-8FDC-42A3-9474-1A3956D46DE8}") = "Orders", "Orders", "{5F4C4877-F50D-48DB-AD70-6291EC212A7F}"
EndProject
Project("{9A19103F-16F7-4668-BE54-9A1E7A4F7556}") = "XRest.Identity.App", "backend\XRest.Identity.App\XRest.Identity.App.csproj", "{FACA8734-9D9E-48EA-A689-7D3CC840FF56}"
EndProject
Project("{9A19103F-16F7-4668-BE54-9A1E7A4F7556}") = "XRest.Identity.Infratructure", "backend\XRest.Identity.Infratructure\XRest.Identity.Infratructure.csproj", "{D00A43EA-499A-4D66-B78A-9BFD4B8F614B}"
EndProject
Project("{9A19103F-16F7-4668-BE54-9A1E7A4F7556}") = "XRest.Identity.Service", "backend\XRest.Identity.Service\XRest.Identity.Service.csproj", "{44D07061-D0A0-4BF8-AD0C-6C7083F8869D}"
EndProject
Project("{9A19103F-16F7-4668-BE54-9A1E7A4F7556}") = "XRest.Authentication", "backend\XRest.Authentication\XRest.Authentication.csproj", "{273FFA00-B2A6-4865-989A-BF61E189F84B}"
EndProject
Project("{9A19103F-16F7-4668-BE54-9A1E7A4F7556}") = "XRest.Consul", "backend\XRest.Consul\XRest.Consul.csproj", "{B10795B0-DCA9-436E-9AD1-50056E2218E3}"
EndProject
Project("{9A19103F-16F7-4668-BE54-9A1E7A4F7556}") = "XRest.Images.App", "backend\XRest.Images.App\XRest.Images.App.csproj", "{2708A21D-BF06-4BB0-ACF8-7D29418D617C}"
EndProject
Project("{9A19103F-16F7-4668-BE54-9A1E7A4F7556}") = "XRest.Images.Infrastructure", "backend\XRest.Images.Infrastructure\XRest.Images.Infrastructure.csproj", "{337BE522-A2E4-41CE-8F81-57538590DB71}"
EndProject
Project("{9A19103F-16F7-4668-BE54-9A1E7A4F7556}") = "XRest.Images.Service", "backend\XRest.Images.Service\XRest.Images.Service.csproj", "{69EEDA58-D04E-4492-97EB-33A0E4A245E0}"
EndProject
Project("{9A19103F-16F7-4668-BE54-9A1E7A4F7556}") = "XRest.Orders.App", "backend\XRest.Orders.App\XRest.Orders.App.csproj", "{A2722F7C-5B66-4AA5-8F56-15AD7A77FFDC}"
EndProject
Project("{9A19103F-16F7-4668-BE54-9A1E7A4F7556}") = "XRest.Orders.Contracts", "backend\XRest.Orders.Contracts\XRest.Orders.Contracts.csproj", "{8DBBB4CD-5857-42C5-B93E-6B0B3B6E2735}"
EndProject
Project("{9A19103F-16F7-4668-BE54-9A1E7A4F7556}") = "XRest.Orders.Infrastructure", "backend\XRest.Orders.Infrastructure\XRest.Orders.Infrastructure.csproj", "{23492728-61FA-4133-9DE9-D842F55E72A4}"
EndProject
Project("{9A19103F-16F7-4668-BE54-9A1E7A4F7556}") = "XRest.Orders.Service", "backend\XRest.Orders.Service\XRest.Orders.Service.csproj", "{9A220660-61FC-4FE4-9BFF-E362439D188E}"
EndProject
Project("{9A19103F-16F7-4668-BE54-9A1E7A4F7556}") = "XRest.Restaurants.App", "backend\XRest.Restaurants.App\XRest.Restaurants.App.csproj", "{7258A0A7-10CC-496E-85AC-300CC412DF9E}"
EndProject
Project("{9A19103F-16F7-4668-BE54-9A1E7A4F7556}") = "XRest.Restaurants.Contracts", "backend\XRest.Restaurants.Contracts\XRest.Restaurants.Contracts.csproj", "{B42B0A6D-0830-49C2-BD1A-B6924AC5362A}"
EndProject
Project("{9A19103F-16F7-4668-BE54-9A1E7A4F7556}") = "XRest.Restaurants.Service", "backend\XRest.Restaurants.Service\XRest.Restaurants.Service.csproj", "{77DA09B0-CDEE-411C-B166-34004DA0E9C3}"
EndProject
Project("{9A19103F-16F7-4668-BE54-9A1E7A4F7556}") = "XRest.Restaurants.Infratructure", "backend\XRest.Restaurants.Infratructure\XRest.Restaurants.Infratructure.csproj", "{DD0BD56F-5030-47C8-ACD6-058C5B2D9E91}"
EndProject
Project("{9A19103F-16F7-4668-BE54-9A1E7A4F7556}") = "XRest.Identity.Contracts", "backend\XRest.Identity.Contracts\XRest.Identity.Contracts.csproj", "{6D5C98A0-A870-48B9-AA41-8D31D289FA34}"
EndProject
Project("{2150E333-8FDC-42A3-9474-1A3956D46DE8}") = "Common", "Common", "{8AC0624E-F02C-4FC1-B1CE-DA02C79E7325}"
EndProject
Project("{9A19103F-16F7-4668-BE54-9A1E7A4F7556}") = "XRest.Shared", "backend\XRest.Shared\XRest.Shared.csproj", "{DA1816A7-93AB-47D7-B1FB-22D735EFFB19}"
EndProject
Project("{2150E333-8FDC-42A3-9474-1A3956D46DE8}") = "External", "External", "{14705500-4C12-4770-97B4-8DF752E1DD56}"
EndProject
Project("{9A19103F-16F7-4668-BE54-9A1E7A4F7556}") = "XRest.ExternalAuthenticate.Api", "backend\XRest.ExternalAuthenticate.Api\XRest.ExternalAuthenticate.Api.csproj", "{E537A05B-6486-45BF-B35A-BBDBDAC39CC6}"
EndProject
Project("{9A19103F-16F7-4668-BE54-9A1E7A4F7556}") = "XRest.Identity.Clients", "backend\XRest.Identity.Clients\XRest.Identity.Clients.csproj", "{B8A72EDD-1CA8-47EE-A379-31624407D505}"
EndProject
Global
	GlobalSection(SolutionConfigurationPlatforms) = preSolution
		Debug|Any CPU = Debug|Any CPU
		Debug|x64 = Debug|x64
		Debug|x86 = Debug|x86
		Release|Any CPU = Release|Any CPU
		Release|x64 = Release|x64
		Release|x86 = Release|x86
	EndGlobalSection
	GlobalSection(ProjectConfigurationPlatforms) = postSolution
		{FACA8734-9D9E-48EA-A689-7D3CC840FF56}.Debug|Any CPU.ActiveCfg = Debug|Any CPU
		{FACA8734-9D9E-48EA-A689-7D3CC840FF56}.Debug|Any CPU.Build.0 = Debug|Any CPU
		{FACA8734-9D9E-48EA-A689-7D3CC840FF56}.Debug|x64.ActiveCfg = Debug|x64
		{FACA8734-9D9E-48EA-A689-7D3CC840FF56}.Debug|x64.Build.0 = Debug|x64
		{FACA8734-9D9E-48EA-A689-7D3CC840FF56}.Debug|x86.ActiveCfg = Debug|Any CPU
		{FACA8734-9D9E-48EA-A689-7D3CC840FF56}.Debug|x86.Build.0 = Debug|Any CPU
		{FACA8734-9D9E-48EA-A689-7D3CC840FF56}.Release|Any CPU.ActiveCfg = Release|Any CPU
		{FACA8734-9D9E-48EA-A689-7D3CC840FF56}.Release|Any CPU.Build.0 = Release|Any CPU
		{FACA8734-9D9E-48EA-A689-7D3CC840FF56}.Release|x64.ActiveCfg = Release|x64
		{FACA8734-9D9E-48EA-A689-7D3CC840FF56}.Release|x64.Build.0 = Release|x64
		{FACA8734-9D9E-48EA-A689-7D3CC840FF56}.Release|x86.ActiveCfg = Release|Any CPU
		{FACA8734-9D9E-48EA-A689-7D3CC840FF56}.Release|x86.Build.0 = Release|Any CPU
		{D00A43EA-499A-4D66-B78A-9BFD4B8F614B}.Debug|Any CPU.ActiveCfg = Debug|Any CPU
		{D00A43EA-499A-4D66-B78A-9BFD4B8F614B}.Debug|Any CPU.Build.0 = Debug|Any CPU
		{D00A43EA-499A-4D66-B78A-9BFD4B8F614B}.Debug|x64.ActiveCfg = Debug|x64
		{D00A43EA-499A-4D66-B78A-9BFD4B8F614B}.Debug|x64.Build.0 = Debug|x64
		{D00A43EA-499A-4D66-B78A-9BFD4B8F614B}.Debug|x86.ActiveCfg = Debug|Any CPU
		{D00A43EA-499A-4D66-B78A-9BFD4B8F614B}.Debug|x86.Build.0 = Debug|Any CPU
		{D00A43EA-499A-4D66-B78A-9BFD4B8F614B}.Release|Any CPU.ActiveCfg = Release|Any CPU
		{D00A43EA-499A-4D66-B78A-9BFD4B8F614B}.Release|Any CPU.Build.0 = Release|Any CPU
		{D00A43EA-499A-4D66-B78A-9BFD4B8F614B}.Release|x64.ActiveCfg = Release|x64
		{D00A43EA-499A-4D66-B78A-9BFD4B8F614B}.Release|x64.Build.0 = Release|x64
		{D00A43EA-499A-4D66-B78A-9BFD4B8F614B}.Release|x86.ActiveCfg = Release|Any CPU
		{D00A43EA-499A-4D66-B78A-9BFD4B8F614B}.Release|x86.Build.0 = Release|Any CPU
		{44D07061-D0A0-4BF8-AD0C-6C7083F8869D}.Debug|Any CPU.ActiveCfg = Debug|Any CPU
		{44D07061-D0A0-4BF8-AD0C-6C7083F8869D}.Debug|Any CPU.Build.0 = Debug|Any CPU
		{44D07061-D0A0-4BF8-AD0C-6C7083F8869D}.Debug|x64.ActiveCfg = Debug|x64
		{44D07061-D0A0-4BF8-AD0C-6C7083F8869D}.Debug|x64.Build.0 = Debug|x64
		{44D07061-D0A0-4BF8-AD0C-6C7083F8869D}.Debug|x86.ActiveCfg = Debug|Any CPU
		{44D07061-D0A0-4BF8-AD0C-6C7083F8869D}.Debug|x86.Build.0 = Debug|Any CPU
		{44D07061-D0A0-4BF8-AD0C-6C7083F8869D}.Release|Any CPU.ActiveCfg = Release|Any CPU
		{44D07061-D0A0-4BF8-AD0C-6C7083F8869D}.Release|Any CPU.Build.0 = Release|Any CPU
		{44D07061-D0A0-4BF8-AD0C-6C7083F8869D}.Release|x64.ActiveCfg = Release|x64
		{44D07061-D0A0-4BF8-AD0C-6C7083F8869D}.Release|x64.Build.0 = Release|x64
		{44D07061-D0A0-4BF8-AD0C-6C7083F8869D}.Release|x86.ActiveCfg = Release|Any CPU
		{44D07061-D0A0-4BF8-AD0C-6C7083F8869D}.Release|x86.Build.0 = Release|Any CPU
		{273FFA00-B2A6-4865-989A-BF61E189F84B}.Debug|Any CPU.ActiveCfg = Debug|Any CPU
		{273FFA00-B2A6-4865-989A-BF61E189F84B}.Debug|Any CPU.Build.0 = Debug|Any CPU
		{273FFA00-B2A6-4865-989A-BF61E189F84B}.Debug|x64.ActiveCfg = Debug|x64
		{273FFA00-B2A6-4865-989A-BF61E189F84B}.Debug|x64.Build.0 = Debug|x64
		{273FFA00-B2A6-4865-989A-BF61E189F84B}.Debug|x86.ActiveCfg = Debug|Any CPU
		{273FFA00-B2A6-4865-989A-BF61E189F84B}.Debug|x86.Build.0 = Debug|Any CPU
		{273FFA00-B2A6-4865-989A-BF61E189F84B}.Release|Any CPU.ActiveCfg = Release|Any CPU
		{273FFA00-B2A6-4865-989A-BF61E189F84B}.Release|Any CPU.Build.0 = Release|Any CPU
		{273FFA00-B2A6-4865-989A-BF61E189F84B}.Release|x64.ActiveCfg = Release|x64
		{273FFA00-B2A6-4865-989A-BF61E189F84B}.Release|x64.Build.0 = Release|x64
		{273FFA00-B2A6-4865-989A-BF61E189F84B}.Release|x86.ActiveCfg = Release|Any CPU
		{273FFA00-B2A6-4865-989A-BF61E189F84B}.Release|x86.Build.0 = Release|Any CPU
		{B10795B0-DCA9-436E-9AD1-50056E2218E3}.Debug|Any CPU.ActiveCfg = Debug|Any CPU
		{B10795B0-DCA9-436E-9AD1-50056E2218E3}.Debug|Any CPU.Build.0 = Debug|Any CPU
		{B10795B0-DCA9-436E-9AD1-50056E2218E3}.Debug|x64.ActiveCfg = Debug|x64
		{B10795B0-DCA9-436E-9AD1-50056E2218E3}.Debug|x64.Build.0 = Debug|x64
		{B10795B0-DCA9-436E-9AD1-50056E2218E3}.Debug|x86.ActiveCfg = Debug|Any CPU
		{B10795B0-DCA9-436E-9AD1-50056E2218E3}.Debug|x86.Build.0 = Debug|Any CPU
		{B10795B0-DCA9-436E-9AD1-50056E2218E3}.Release|Any CPU.ActiveCfg = Release|Any CPU
		{B10795B0-DCA9-436E-9AD1-50056E2218E3}.Release|Any CPU.Build.0 = Release|Any CPU
		{B10795B0-DCA9-436E-9AD1-50056E2218E3}.Release|x64.ActiveCfg = Release|x64
		{B10795B0-DCA9-436E-9AD1-50056E2218E3}.Release|x64.Build.0 = Release|x64
		{B10795B0-DCA9-436E-9AD1-50056E2218E3}.Release|x86.ActiveCfg = Release|Any CPU
		{B10795B0-DCA9-436E-9AD1-50056E2218E3}.Release|x86.Build.0 = Release|Any CPU
		{2708A21D-BF06-4BB0-ACF8-7D29418D617C}.Debug|Any CPU.ActiveCfg = Debug|Any CPU
		{2708A21D-BF06-4BB0-ACF8-7D29418D617C}.Debug|Any CPU.Build.0 = Debug|Any CPU
		{2708A21D-BF06-4BB0-ACF8-7D29418D617C}.Debug|x64.ActiveCfg = Debug|x64
		{2708A21D-BF06-4BB0-ACF8-7D29418D617C}.Debug|x64.Build.0 = Debug|x64
		{2708A21D-BF06-4BB0-ACF8-7D29418D617C}.Debug|x86.ActiveCfg = Debug|Any CPU
		{2708A21D-BF06-4BB0-ACF8-7D29418D617C}.Debug|x86.Build.0 = Debug|Any CPU
		{2708A21D-BF06-4BB0-ACF8-7D29418D617C}.Release|Any CPU.ActiveCfg = Release|Any CPU
		{2708A21D-BF06-4BB0-ACF8-7D29418D617C}.Release|Any CPU.Build.0 = Release|Any CPU
		{2708A21D-BF06-4BB0-ACF8-7D29418D617C}.Release|x64.ActiveCfg = Release|x64
		{2708A21D-BF06-4BB0-ACF8-7D29418D617C}.Release|x64.Build.0 = Release|x64
		{2708A21D-BF06-4BB0-ACF8-7D29418D617C}.Release|x86.ActiveCfg = Release|Any CPU
		{2708A21D-BF06-4BB0-ACF8-7D29418D617C}.Release|x86.Build.0 = Release|Any CPU
		{337BE522-A2E4-41CE-8F81-57538590DB71}.Debug|Any CPU.ActiveCfg = Debug|Any CPU
		{337BE522-A2E4-41CE-8F81-57538590DB71}.Debug|Any CPU.Build.0 = Debug|Any CPU
		{337BE522-A2E4-41CE-8F81-57538590DB71}.Debug|x64.ActiveCfg = Debug|x64
		{337BE522-A2E4-41CE-8F81-57538590DB71}.Debug|x64.Build.0 = Debug|x64
		{337BE522-A2E4-41CE-8F81-57538590DB71}.Debug|x86.ActiveCfg = Debug|Any CPU
		{337BE522-A2E4-41CE-8F81-57538590DB71}.Debug|x86.Build.0 = Debug|Any CPU
		{337BE522-A2E4-41CE-8F81-57538590DB71}.Release|Any CPU.ActiveCfg = Release|Any CPU
		{337BE522-A2E4-41CE-8F81-57538590DB71}.Release|Any CPU.Build.0 = Release|Any CPU
		{337BE522-A2E4-41CE-8F81-57538590DB71}.Release|x64.ActiveCfg = Release|x64
		{337BE522-A2E4-41CE-8F81-57538590DB71}.Release|x64.Build.0 = Release|x64
		{337BE522-A2E4-41CE-8F81-57538590DB71}.Release|x86.ActiveCfg = Release|Any CPU
		{337BE522-A2E4-41CE-8F81-57538590DB71}.Release|x86.Build.0 = Release|Any CPU
		{69EEDA58-D04E-4492-97EB-33A0E4A245E0}.Debug|Any CPU.ActiveCfg = Debug|Any CPU
		{69EEDA58-D04E-4492-97EB-33A0E4A245E0}.Debug|Any CPU.Build.0 = Debug|Any CPU
		{69EEDA58-D04E-4492-97EB-33A0E4A245E0}.Debug|x64.ActiveCfg = Debug|x64
		{69EEDA58-D04E-4492-97EB-33A0E4A245E0}.Debug|x64.Build.0 = Debug|x64
		{69EEDA58-D04E-4492-97EB-33A0E4A245E0}.Debug|x86.ActiveCfg = Debug|Any CPU
		{69EEDA58-D04E-4492-97EB-33A0E4A245E0}.Debug|x86.Build.0 = Debug|Any CPU
		{69EEDA58-D04E-4492-97EB-33A0E4A245E0}.Release|Any CPU.ActiveCfg = Release|Any CPU
		{69EEDA58-D04E-4492-97EB-33A0E4A245E0}.Release|Any CPU.Build.0 = Release|Any CPU
		{69EEDA58-D04E-4492-97EB-33A0E4A245E0}.Release|x64.ActiveCfg = Release|x64
		{69EEDA58-D04E-4492-97EB-33A0E4A245E0}.Release|x64.Build.0 = Release|x64
		{69EEDA58-D04E-4492-97EB-33A0E4A245E0}.Release|x86.ActiveCfg = Release|Any CPU
		{69EEDA58-D04E-4492-97EB-33A0E4A245E0}.Release|x86.Build.0 = Release|Any CPU
		{A2722F7C-5B66-4AA5-8F56-15AD7A77FFDC}.Debug|Any CPU.ActiveCfg = Debug|Any CPU
		{A2722F7C-5B66-4AA5-8F56-15AD7A77FFDC}.Debug|Any CPU.Build.0 = Debug|Any CPU
		{A2722F7C-5B66-4AA5-8F56-15AD7A77FFDC}.Debug|x64.ActiveCfg = Debug|x64
		{A2722F7C-5B66-4AA5-8F56-15AD7A77FFDC}.Debug|x64.Build.0 = Debug|x64
		{A2722F7C-5B66-4AA5-8F56-15AD7A77FFDC}.Debug|x86.ActiveCfg = Debug|Any CPU
		{A2722F7C-5B66-4AA5-8F56-15AD7A77FFDC}.Debug|x86.Build.0 = Debug|Any CPU
		{A2722F7C-5B66-4AA5-8F56-15AD7A77FFDC}.Release|Any CPU.ActiveCfg = Release|Any CPU
		{A2722F7C-5B66-4AA5-8F56-15AD7A77FFDC}.Release|Any CPU.Build.0 = Release|Any CPU
		{A2722F7C-5B66-4AA5-8F56-15AD7A77FFDC}.Release|x64.ActiveCfg = Release|x64
		{A2722F7C-5B66-4AA5-8F56-15AD7A77FFDC}.Release|x64.Build.0 = Release|x64
		{A2722F7C-5B66-4AA5-8F56-15AD7A77FFDC}.Release|x86.ActiveCfg = Release|Any CPU
		{A2722F7C-5B66-4AA5-8F56-15AD7A77FFDC}.Release|x86.Build.0 = Release|Any CPU
		{8DBBB4CD-5857-42C5-B93E-6B0B3B6E2735}.Debug|Any CPU.ActiveCfg = Debug|Any CPU
		{8DBBB4CD-5857-42C5-B93E-6B0B3B6E2735}.Debug|Any CPU.Build.0 = Debug|Any CPU
		{8DBBB4CD-5857-42C5-B93E-6B0B3B6E2735}.Debug|x64.ActiveCfg = Debug|x64
		{8DBBB4CD-5857-42C5-B93E-6B0B3B6E2735}.Debug|x64.Build.0 = Debug|x64
		{8DBBB4CD-5857-42C5-B93E-6B0B3B6E2735}.Debug|x86.ActiveCfg = Debug|Any CPU
		{8DBBB4CD-5857-42C5-B93E-6B0B3B6E2735}.Debug|x86.Build.0 = Debug|Any CPU
		{8DBBB4CD-5857-42C5-B93E-6B0B3B6E2735}.Release|Any CPU.ActiveCfg = Release|Any CPU
		{8DBBB4CD-5857-42C5-B93E-6B0B3B6E2735}.Release|Any CPU.Build.0 = Release|Any CPU
		{8DBBB4CD-5857-42C5-B93E-6B0B3B6E2735}.Release|x64.ActiveCfg = Release|x64
		{8DBBB4CD-5857-42C5-B93E-6B0B3B6E2735}.Release|x64.Build.0 = Release|x64
		{8DBBB4CD-5857-42C5-B93E-6B0B3B6E2735}.Release|x86.ActiveCfg = Release|Any CPU
		{8DBBB4CD-5857-42C5-B93E-6B0B3B6E2735}.Release|x86.Build.0 = Release|Any CPU
		{23492728-61FA-4133-9DE9-D842F55E72A4}.Debug|Any CPU.ActiveCfg = Debug|Any CPU
		{23492728-61FA-4133-9DE9-D842F55E72A4}.Debug|Any CPU.Build.0 = Debug|Any CPU
		{23492728-61FA-4133-9DE9-D842F55E72A4}.Debug|x64.ActiveCfg = Debug|x64
		{23492728-61FA-4133-9DE9-D842F55E72A4}.Debug|x64.Build.0 = Debug|x64
		{23492728-61FA-4133-9DE9-D842F55E72A4}.Debug|x86.ActiveCfg = Debug|Any CPU
		{23492728-61FA-4133-9DE9-D842F55E72A4}.Debug|x86.Build.0 = Debug|Any CPU
		{23492728-61FA-4133-9DE9-D842F55E72A4}.Release|Any CPU.ActiveCfg = Release|Any CPU
		{23492728-61FA-4133-9DE9-D842F55E72A4}.Release|Any CPU.Build.0 = Release|Any CPU
		{23492728-61FA-4133-9DE9-D842F55E72A4}.Release|x64.ActiveCfg = Release|x64
		{23492728-61FA-4133-9DE9-D842F55E72A4}.Release|x64.Build.0 = Release|x64
		{23492728-61FA-4133-9DE9-D842F55E72A4}.Release|x86.ActiveCfg = Release|Any CPU
		{23492728-61FA-4133-9DE9-D842F55E72A4}.Release|x86.Build.0 = Release|Any CPU
		{9A220660-61FC-4FE4-9BFF-E362439D188E}.Debug|Any CPU.ActiveCfg = Debug|Any CPU
		{9A220660-61FC-4FE4-9BFF-E362439D188E}.Debug|Any CPU.Build.0 = Debug|Any CPU
		{9A220660-61FC-4FE4-9BFF-E362439D188E}.Debug|x64.ActiveCfg = Debug|x64
		{9A220660-61FC-4FE4-9BFF-E362439D188E}.Debug|x64.Build.0 = Debug|x64
		{9A220660-61FC-4FE4-9BFF-E362439D188E}.Debug|x86.ActiveCfg = Debug|Any CPU
		{9A220660-61FC-4FE4-9BFF-E362439D188E}.Debug|x86.Build.0 = Debug|Any CPU
		{9A220660-61FC-4FE4-9BFF-E362439D188E}.Release|Any CPU.ActiveCfg = Release|Any CPU
		{9A220660-61FC-4FE4-9BFF-E362439D188E}.Release|Any CPU.Build.0 = Release|Any CPU
		{9A220660-61FC-4FE4-9BFF-E362439D188E}.Release|x64.ActiveCfg = Release|x64
		{9A220660-61FC-4FE4-9BFF-E362439D188E}.Release|x64.Build.0 = Release|x64
		{9A220660-61FC-4FE4-9BFF-E362439D188E}.Release|x86.ActiveCfg = Release|Any CPU
		{9A220660-61FC-4FE4-9BFF-E362439D188E}.Release|x86.Build.0 = Release|Any CPU
		{7258A0A7-10CC-496E-85AC-300CC412DF9E}.Debug|Any CPU.ActiveCfg = Debug|Any CPU
		{7258A0A7-10CC-496E-85AC-300CC412DF9E}.Debug|Any CPU.Build.0 = Debug|Any CPU
		{7258A0A7-10CC-496E-85AC-300CC412DF9E}.Debug|x64.ActiveCfg = Debug|x64
		{7258A0A7-10CC-496E-85AC-300CC412DF9E}.Debug|x64.Build.0 = Debug|x64
		{7258A0A7-10CC-496E-85AC-300CC412DF9E}.Debug|x86.ActiveCfg = Debug|Any CPU
		{7258A0A7-10CC-496E-85AC-300CC412DF9E}.Debug|x86.Build.0 = Debug|Any CPU
		{7258A0A7-10CC-496E-85AC-300CC412DF9E}.Release|Any CPU.ActiveCfg = Release|Any CPU
		{7258A0A7-10CC-496E-85AC-300CC412DF9E}.Release|Any CPU.Build.0 = Release|Any CPU
		{7258A0A7-10CC-496E-85AC-300CC412DF9E}.Release|x64.ActiveCfg = Release|x64
		{7258A0A7-10CC-496E-85AC-300CC412DF9E}.Release|x64.Build.0 = Release|x64
		{7258A0A7-10CC-496E-85AC-300CC412DF9E}.Release|x86.ActiveCfg = Release|Any CPU
		{7258A0A7-10CC-496E-85AC-300CC412DF9E}.Release|x86.Build.0 = Release|Any CPU
		{B42B0A6D-0830-49C2-BD1A-B6924AC5362A}.Debug|Any CPU.ActiveCfg = Debug|Any CPU
		{B42B0A6D-0830-49C2-BD1A-B6924AC5362A}.Debug|Any CPU.Build.0 = Debug|Any CPU
		{B42B0A6D-0830-49C2-BD1A-B6924AC5362A}.Debug|x64.ActiveCfg = Debug|x64
		{B42B0A6D-0830-49C2-BD1A-B6924AC5362A}.Debug|x64.Build.0 = Debug|x64
		{B42B0A6D-0830-49C2-BD1A-B6924AC5362A}.Debug|x86.ActiveCfg = Debug|Any CPU
		{B42B0A6D-0830-49C2-BD1A-B6924AC5362A}.Debug|x86.Build.0 = Debug|Any CPU
		{B42B0A6D-0830-49C2-BD1A-B6924AC5362A}.Release|Any CPU.ActiveCfg = Release|Any CPU
		{B42B0A6D-0830-49C2-BD1A-B6924AC5362A}.Release|Any CPU.Build.0 = Release|Any CPU
		{B42B0A6D-0830-49C2-BD1A-B6924AC5362A}.Release|x64.ActiveCfg = Release|x64
		{B42B0A6D-0830-49C2-BD1A-B6924AC5362A}.Release|x64.Build.0 = Release|x64
		{B42B0A6D-0830-49C2-BD1A-B6924AC5362A}.Release|x86.ActiveCfg = Release|Any CPU
		{B42B0A6D-0830-49C2-BD1A-B6924AC5362A}.Release|x86.Build.0 = Release|Any CPU
		{77DA09B0-CDEE-411C-B166-34004DA0E9C3}.Debug|Any CPU.ActiveCfg = Debug|Any CPU
		{77DA09B0-CDEE-411C-B166-34004DA0E9C3}.Debug|Any CPU.Build.0 = Debug|Any CPU
		{77DA09B0-CDEE-411C-B166-34004DA0E9C3}.Debug|x64.ActiveCfg = Debug|x64
		{77DA09B0-CDEE-411C-B166-34004DA0E9C3}.Debug|x64.Build.0 = Debug|x64
		{77DA09B0-CDEE-411C-B166-34004DA0E9C3}.Debug|x86.ActiveCfg = Debug|Any CPU
		{77DA09B0-CDEE-411C-B166-34004DA0E9C3}.Debug|x86.Build.0 = Debug|Any CPU
		{77DA09B0-CDEE-411C-B166-34004DA0E9C3}.Release|Any CPU.ActiveCfg = Release|Any CPU
		{77DA09B0-CDEE-411C-B166-34004DA0E9C3}.Release|Any CPU.Build.0 = Release|Any CPU
		{77DA09B0-CDEE-411C-B166-34004DA0E9C3}.Release|x64.ActiveCfg = Release|x64
		{77DA09B0-CDEE-411C-B166-34004DA0E9C3}.Release|x64.Build.0 = Release|x64
		{77DA09B0-CDEE-411C-B166-34004DA0E9C3}.Release|x86.ActiveCfg = Release|Any CPU
		{77DA09B0-CDEE-411C-B166-34004DA0E9C3}.Release|x86.Build.0 = Release|Any CPU
		{DD0BD56F-5030-47C8-ACD6-058C5B2D9E91}.Debug|Any CPU.ActiveCfg = Debug|Any CPU
		{DD0BD56F-5030-47C8-ACD6-058C5B2D9E91}.Debug|Any CPU.Build.0 = Debug|Any CPU
		{DD0BD56F-5030-47C8-ACD6-058C5B2D9E91}.Debug|x64.ActiveCfg = Debug|x64
		{DD0BD56F-5030-47C8-ACD6-058C5B2D9E91}.Debug|x64.Build.0 = Debug|x64
		{DD0BD56F-5030-47C8-ACD6-058C5B2D9E91}.Debug|x86.ActiveCfg = Debug|Any CPU
		{DD0BD56F-5030-47C8-ACD6-058C5B2D9E91}.Debug|x86.Build.0 = Debug|Any CPU
		{DD0BD56F-5030-47C8-ACD6-058C5B2D9E91}.Release|Any CPU.ActiveCfg = Release|Any CPU
		{DD0BD56F-5030-47C8-ACD6-058C5B2D9E91}.Release|Any CPU.Build.0 = Release|Any CPU
		{DD0BD56F-5030-47C8-ACD6-058C5B2D9E91}.Release|x64.ActiveCfg = Release|x64
		{DD0BD56F-5030-47C8-ACD6-058C5B2D9E91}.Release|x64.Build.0 = Release|x64
		{DD0BD56F-5030-47C8-ACD6-058C5B2D9E91}.Release|x86.ActiveCfg = Release|Any CPU
		{DD0BD56F-5030-47C8-ACD6-058C5B2D9E91}.Release|x86.Build.0 = Release|Any CPU
		{6D5C98A0-A870-48B9-AA41-8D31D289FA34}.Debug|Any CPU.ActiveCfg = Debug|Any CPU
		{6D5C98A0-A870-48B9-AA41-8D31D289FA34}.Debug|Any CPU.Build.0 = Debug|Any CPU
		{6D5C98A0-A870-48B9-AA41-8D31D289FA34}.Debug|x64.ActiveCfg = Debug|Any CPU
		{6D5C98A0-A870-48B9-AA41-8D31D289FA34}.Debug|x64.Build.0 = Debug|Any CPU
		{6D5C98A0-A870-48B9-AA41-8D31D289FA34}.Debug|x86.ActiveCfg = Debug|Any CPU
		{6D5C98A0-A870-48B9-AA41-8D31D289FA34}.Debug|x86.Build.0 = Debug|Any CPU
		{6D5C98A0-A870-48B9-AA41-8D31D289FA34}.Release|Any CPU.ActiveCfg = Release|Any CPU
		{6D5C98A0-A870-48B9-AA41-8D31D289FA34}.Release|Any CPU.Build.0 = Release|Any CPU
		{6D5C98A0-A870-48B9-AA41-8D31D289FA34}.Release|x64.ActiveCfg = Release|Any CPU
		{6D5C98A0-A870-48B9-AA41-8D31D289FA34}.Release|x64.Build.0 = Release|Any CPU
		{6D5C98A0-A870-48B9-AA41-8D31D289FA34}.Release|x86.ActiveCfg = Release|Any CPU
		{6D5C98A0-A870-48B9-AA41-8D31D289FA34}.Release|x86.Build.0 = Release|Any CPU
		{DA1816A7-93AB-47D7-B1FB-22D735EFFB19}.Debug|Any CPU.ActiveCfg = Debug|Any CPU
		{DA1816A7-93AB-47D7-B1FB-22D735EFFB19}.Debug|Any CPU.Build.0 = Debug|Any CPU
		{DA1816A7-93AB-47D7-B1FB-22D735EFFB19}.Debug|x64.ActiveCfg = Debug|Any CPU
		{DA1816A7-93AB-47D7-B1FB-22D735EFFB19}.Debug|x64.Build.0 = Debug|Any CPU
		{DA1816A7-93AB-47D7-B1FB-22D735EFFB19}.Debug|x86.ActiveCfg = Debug|Any CPU
		{DA1816A7-93AB-47D7-B1FB-22D735EFFB19}.Debug|x86.Build.0 = Debug|Any CPU
		{DA1816A7-93AB-47D7-B1FB-22D735EFFB19}.Release|Any CPU.ActiveCfg = Release|Any CPU
		{DA1816A7-93AB-47D7-B1FB-22D735EFFB19}.Release|Any CPU.Build.0 = Release|Any CPU
		{DA1816A7-93AB-47D7-B1FB-22D735EFFB19}.Release|x64.ActiveCfg = Release|Any CPU
		{DA1816A7-93AB-47D7-B1FB-22D735EFFB19}.Release|x64.Build.0 = Release|Any CPU
		{DA1816A7-93AB-47D7-B1FB-22D735EFFB19}.Release|x86.ActiveCfg = Release|Any CPU
		{DA1816A7-93AB-47D7-B1FB-22D735EFFB19}.Release|x86.Build.0 = Release|Any CPU
		{E537A05B-6486-45BF-B35A-BBDBDAC39CC6}.Debug|Any CPU.ActiveCfg = Debug|Any CPU
		{E537A05B-6486-45BF-B35A-BBDBDAC39CC6}.Debug|Any CPU.Build.0 = Debug|Any CPU
		{E537A05B-6486-45BF-B35A-BBDBDAC39CC6}.Debug|x64.ActiveCfg = Debug|Any CPU
		{E537A05B-6486-45BF-B35A-BBDBDAC39CC6}.Debug|x64.Build.0 = Debug|Any CPU
		{E537A05B-6486-45BF-B35A-BBDBDAC39CC6}.Debug|x86.ActiveCfg = Debug|Any CPU
		{E537A05B-6486-45BF-B35A-BBDBDAC39CC6}.Debug|x86.Build.0 = Debug|Any CPU
		{E537A05B-6486-45BF-B35A-BBDBDAC39CC6}.Release|Any CPU.ActiveCfg = Release|Any CPU
		{E537A05B-6486-45BF-B35A-BBDBDAC39CC6}.Release|Any CPU.Build.0 = Release|Any CPU
		{E537A05B-6486-45BF-B35A-BBDBDAC39CC6}.Release|x64.ActiveCfg = Release|Any CPU
		{E537A05B-6486-45BF-B35A-BBDBDAC39CC6}.Release|x64.Build.0 = Release|Any CPU
		{E537A05B-6486-45BF-B35A-BBDBDAC39CC6}.Release|x86.ActiveCfg = Release|Any CPU
		{E537A05B-6486-45BF-B35A-BBDBDAC39CC6}.Release|x86.Build.0 = Release|Any CPU
		{B8A72EDD-1CA8-47EE-A379-31624407D505}.Debug|Any CPU.ActiveCfg = Debug|Any CPU
		{B8A72EDD-1CA8-47EE-A379-31624407D505}.Debug|Any CPU.Build.0 = Debug|Any CPU
		{B8A72EDD-1CA8-47EE-A379-31624407D505}.Debug|x64.ActiveCfg = Debug|Any CPU
		{B8A72EDD-1CA8-47EE-A379-31624407D505}.Debug|x64.Build.0 = Debug|Any CPU
		{B8A72EDD-1CA8-47EE-A379-31624407D505}.Debug|x86.ActiveCfg = Debug|Any CPU
		{B8A72EDD-1CA8-47EE-A379-31624407D505}.Debug|x86.Build.0 = Debug|Any CPU
		{B8A72EDD-1CA8-47EE-A379-31624407D505}.Release|Any CPU.ActiveCfg = Release|Any CPU
		{B8A72EDD-1CA8-47EE-A379-31624407D505}.Release|Any CPU.Build.0 = Release|Any CPU
		{B8A72EDD-1CA8-47EE-A379-31624407D505}.Release|x64.ActiveCfg = Release|Any CPU
		{B8A72EDD-1CA8-47EE-A379-31624407D505}.Release|x64.Build.0 = Release|Any CPU
		{B8A72EDD-1CA8-47EE-A379-31624407D505}.Release|x86.ActiveCfg = Release|Any CPU
		{B8A72EDD-1CA8-47EE-A379-31624407D505}.Release|x86.Build.0 = Release|Any CPU
	EndGlobalSection
	GlobalSection(SolutionProperties) = preSolution
		HideSolutionNode = FALSE
	EndGlobalSection
	GlobalSection(NestedProjects) = preSolution
		{3F7A8946-8B9A-4A8B-9544-EFA786CCC6A6} = {9AA8815F-3028-4ED9-B36F-5762E3C84ED5}
		{61886F2E-466E-4282-8073-47EF9D334420} = {9AA8815F-3028-4ED9-B36F-5762E3C84ED5}
		{7759977B-1A86-430E-8877-3CB6B03C27ED} = {9AA8815F-3028-4ED9-B36F-5762E3C84ED5}
		{5F4C4877-F50D-48DB-AD70-6291EC212A7F} = {9AA8815F-3028-4ED9-B36F-5762E3C84ED5}
		{FACA8734-9D9E-48EA-A689-7D3CC840FF56} = {61886F2E-466E-4282-8073-47EF9D334420}
		{D00A43EA-499A-4D66-B78A-9BFD4B8F614B} = {61886F2E-466E-4282-8073-47EF9D334420}
		{44D07061-D0A0-4BF8-AD0C-6C7083F8869D} = {61886F2E-466E-4282-8073-47EF9D334420}
		{273FFA00-B2A6-4865-989A-BF61E189F84B} = {8AC0624E-F02C-4FC1-B1CE-DA02C79E7325}
		{B10795B0-DCA9-436E-9AD1-50056E2218E3} = {8AC0624E-F02C-4FC1-B1CE-DA02C79E7325}
		{2708A21D-BF06-4BB0-ACF8-7D29418D617C} = {3F7A8946-8B9A-4A8B-9544-EFA786CCC6A6}
		{337BE522-A2E4-41CE-8F81-57538590DB71} = {3F7A8946-8B9A-4A8B-9544-EFA786CCC6A6}
		{69EEDA58-D04E-4492-97EB-33A0E4A245E0} = {3F7A8946-8B9A-4A8B-9544-EFA786CCC6A6}
		{A2722F7C-5B66-4AA5-8F56-15AD7A77FFDC} = {5F4C4877-F50D-48DB-AD70-6291EC212A7F}
		{8DBBB4CD-5857-42C5-B93E-6B0B3B6E2735} = {5F4C4877-F50D-48DB-AD70-6291EC212A7F}
		{23492728-61FA-4133-9DE9-D842F55E72A4} = {5F4C4877-F50D-48DB-AD70-6291EC212A7F}
		{9A220660-61FC-4FE4-9BFF-E362439D188E} = {5F4C4877-F50D-48DB-AD70-6291EC212A7F}
		{7258A0A7-10CC-496E-85AC-300CC412DF9E} = {7759977B-1A86-430E-8877-3CB6B03C27ED}
		{B42B0A6D-0830-49C2-BD1A-B6924AC5362A} = {7759977B-1A86-430E-8877-3CB6B03C27ED}
		{77DA09B0-CDEE-411C-B166-34004DA0E9C3} = {7759977B-1A86-430E-8877-3CB6B03C27ED}
		{DD0BD56F-5030-47C8-ACD6-058C5B2D9E91} = {7759977B-1A86-430E-8877-3CB6B03C27ED}
		{6D5C98A0-A870-48B9-AA41-8D31D289FA34} = {61886F2E-466E-4282-8073-47EF9D334420}
		{8AC0624E-F02C-4FC1-B1CE-DA02C79E7325} = {9AA8815F-3028-4ED9-B36F-5762E3C84ED5}
		{DA1816A7-93AB-47D7-B1FB-22D735EFFB19} = {8AC0624E-F02C-4FC1-B1CE-DA02C79E7325}
		{14705500-4C12-4770-97B4-8DF752E1DD56} = {9AA8815F-3028-4ED9-B36F-5762E3C84ED5}
		{E537A05B-6486-45BF-B35A-BBDBDAC39CC6} = {14705500-4C12-4770-97B4-8DF752E1DD56}
		{B8A72EDD-1CA8-47EE-A379-31624407D505} = {61886F2E-466E-4282-8073-47EF9D334420}
	EndGlobalSection
	GlobalSection(ExtensibilityGlobals) = postSolution
		SolutionGuid = {C76B0C17-098E-4FD6-9D00-1B4BABAF97FA}
	EndGlobalSection
EndGlobal
